
Microsoft Visual Studio Solution File, Format Version 12.00
# Visual Studio Version 16
VisualStudioVersion = 16.0.30804.86
MinimumVisualStudioVersion = 10.0.40219.1
Project("{9A19103F-16F7-4668-BE54-9A1E7A4F7556}") = "OzowQuestion2_Conway", "OzowQuestion2_Conway\OzowQuestion2_Conway.csproj", "{6B44DF09-614E-4549-86D7-F070D80E9FA0}"
EndProject
Project("{FAE04EC0-301F-11D3-BF4B-00C04F79EFBC}") = "LifeUnitTests", "LifeUnitTests\LifeUnitTests.csproj", "{998D60A8-33A0-42E7-86C3-897FC5D82400}"
EndProject
Global
	GlobalSection(SolutionConfigurationPlatforms) = preSolution
		Debug|Any CPU = Debug|Any CPU
		Release|Any CPU = Release|Any CPU
	EndGlobalSection
	GlobalSection(ProjectConfigurationPlatforms) = postSolution
		{6B44DF09-614E-4549-86D7-F070D80E9FA0}.Debug|Any CPU.ActiveCfg = Debug|Any CPU
		{6B44DF09-614E-4549-86D7-F070D80E9FA0}.Debug|Any CPU.Build.0 = Debug|Any CPU
		{6B44DF09-614E-4549-86D7-F070D80E9FA0}.Release|Any CPU.ActiveCfg = Release|Any CPU
		{6B44DF09-614E-4549-86D7-F070D80E9FA0}.Release|Any CPU.Build.0 = Release|Any CPU
		{998D60A8-33A0-42E7-86C3-897FC5D82400}.Debug|Any CPU.ActiveCfg = Debug|Any CPU
		{998D60A8-33A0-42E7-86C3-897FC5D82400}.Debug|Any CPU.Build.0 = Debug|Any CPU
		{998D60A8-33A0-42E7-86C3-897FC5D82400}.Release|Any CPU.ActiveCfg = Release|Any CPU
		{998D60A8-33A0-42E7-86C3-897FC5D82400}.Release|Any CPU.Build.0 = Release|Any CPU
	EndGlobalSection
	GlobalSection(SolutionProperties) = preSolution
		HideSolutionNode = FALSE
	EndGlobalSection
	GlobalSection(ExtensibilityGlobals) = postSolution
		SolutionGuid = {03D47787-06CC-441F-B82C-C7BD3406BF8F}
	EndGlobalSection
EndGlobal
